
Microsoft Visual Studio Solution File, Format Version 12.00
# Visual Studio Version 16
VisualStudioVersion = 16.0.28705.295
MinimumVisualStudioVersion = 15.0.26124.0
Project("{9A19103F-16F7-4668-BE54-9A1E7A4F7556}") = "SupportApi.Tests", "SupportApi.Tests\SupportApi.Tests.csproj", "{3C898E76-8D42-47EC-A3FF-D1F8BBB6373F}"
EndProject
Project("{9A19103F-16F7-4668-BE54-9A1E7A4F7556}") = "SupportApi", "SupportApi\SupportApi.csproj", "{C85401E2-77D9-4742-BB27-09BD31985DE1}"
EndProject
Global
	GlobalSection(SolutionConfigurationPlatforms) = preSolution
		Debug|Any CPU = Debug|Any CPU
		Debug|x64 = Debug|x64
		Debug|x86 = Debug|x86
		Release|Any CPU = Release|Any CPU
		Release|x64 = Release|x64
		Release|x86 = Release|x86
	EndGlobalSection
	GlobalSection(ProjectConfigurationPlatforms) = postSolution
		{3C898E76-8D42-47EC-A3FF-D1F8BBB6373F}.Debug|Any CPU.ActiveCfg = Debug|Any CPU
		{3C898E76-8D42-47EC-A3FF-D1F8BBB6373F}.Debug|Any CPU.Build.0 = Debug|Any CPU
		{3C898E76-8D42-47EC-A3FF-D1F8BBB6373F}.Debug|x64.ActiveCfg = Debug|Any CPU
		{3C898E76-8D42-47EC-A3FF-D1F8BBB6373F}.Debug|x64.Build.0 = Debug|Any CPU
		{3C898E76-8D42-47EC-A3FF-D1F8BBB6373F}.Debug|x86.ActiveCfg = Debug|Any CPU
		{3C898E76-8D42-47EC-A3FF-D1F8BBB6373F}.Debug|x86.Build.0 = Debug|Any CPU
		{3C898E76-8D42-47EC-A3FF-D1F8BBB6373F}.Release|Any CPU.ActiveCfg = Release|Any CPU
		{3C898E76-8D42-47EC-A3FF-D1F8BBB6373F}.Release|Any CPU.Build.0 = Release|Any CPU
		{3C898E76-8D42-47EC-A3FF-D1F8BBB6373F}.Release|x64.ActiveCfg = Release|Any CPU
		{3C898E76-8D42-47EC-A3FF-D1F8BBB6373F}.Release|x64.Build.0 = Release|Any CPU
		{3C898E76-8D42-47EC-A3FF-D1F8BBB6373F}.Release|x86.ActiveCfg = Release|Any CPU
		{3C898E76-8D42-47EC-A3FF-D1F8BBB6373F}.Release|x86.Build.0 = Release|Any CPU
		{C85401E2-77D9-4742-BB27-09BD31985DE1}.Debug|Any CPU.ActiveCfg = Debug|Any CPU
		{C85401E2-77D9-4742-BB27-09BD31985DE1}.Debug|Any CPU.Build.0 = Debug|Any CPU
		{C85401E2-77D9-4742-BB27-09BD31985DE1}.Debug|x64.ActiveCfg = Debug|Any CPU
		{C85401E2-77D9-4742-BB27-09BD31985DE1}.Debug|x64.Build.0 = Debug|Any CPU
		{C85401E2-77D9-4742-BB27-09BD31985DE1}.Debug|x86.ActiveCfg = Debug|Any CPU
		{C85401E2-77D9-4742-BB27-09BD31985DE1}.Debug|x86.Build.0 = Debug|Any CPU
		{C85401E2-77D9-4742-BB27-09BD31985DE1}.Release|Any CPU.ActiveCfg = Release|Any CPU
		{C85401E2-77D9-4742-BB27-09BD31985DE1}.Release|Any CPU.Build.0 = Release|Any CPU
		{C85401E2-77D9-4742-BB27-09BD31985DE1}.Release|x64.ActiveCfg = Release|Any CPU
		{C85401E2-77D9-4742-BB27-09BD31985DE1}.Release|x64.Build.0 = Release|Any CPU
		{C85401E2-77D9-4742-BB27-09BD31985DE1}.Release|x86.ActiveCfg = Release|Any CPU
		{C85401E2-77D9-4742-BB27-09BD31985DE1}.Release|x86.Build.0 = Release|Any CPU
	EndGlobalSection
	GlobalSection(SolutionProperties) = preSolution
		HideSolutionNode = FALSE
	EndGlobalSection
	GlobalSection(ExtensibilityGlobals) = postSolution
		SolutionGuid = {58879AF4-E0E8-4DCE-B254-90FABB509C45}
	EndGlobalSection
EndGlobal
